
Microsoft Visual Studio Solution File, Format Version 12.00
# Visual Studio 15
VisualStudioVersion = 15.0.26730.12
MinimumVisualStudioVersion = 10.0.40219.1
Project("{FAE04EC0-301F-11D3-BF4B-00C04F79EFBC}") = "GameUtil", "GameUtil\GameUtil.csproj", "{36F7E56F-C9C0-445A-9874-8BE2D1AA23DC}"
EndProject
Global
	GlobalSection(SolutionConfigurationPlatforms) = preSolution
		Debug|Any CPU = Debug|Any CPU
		Release|Any CPU = Release|Any CPU
	EndGlobalSection
	GlobalSection(ProjectConfigurationPlatforms) = postSolution
		{36F7E56F-C9C0-445A-9874-8BE2D1AA23DC}.Debug|Any CPU.ActiveCfg = Debug|Any CPU
		{36F7E56F-C9C0-445A-9874-8BE2D1AA23DC}.Debug|Any CPU.Build.0 = Debug|Any CPU
		{36F7E56F-C9C0-445A-9874-8BE2D1AA23DC}.Release|Any CPU.ActiveCfg = Release|Any CPU
		{36F7E56F-C9C0-445A-9874-8BE2D1AA23DC}.Release|Any CPU.Build.0 = Release|Any CPU
	EndGlobalSection
	GlobalSection(SolutionProperties) = preSolution
		HideSolutionNode = FALSE
	EndGlobalSection
	GlobalSection(ExtensibilityGlobals) = postSolution
		SolutionGuid = {AAA6108B-D944-452A-B58B-8C5F94F28652}
	EndGlobalSection
EndGlobal
